// !$*UTF8*$!
{
	archiveVersion = 1;
	classes = {
	};
	objectVersion = 55;
	objects = {

/* Begin PBXBuildFile section */
		8906C5752754AF070080E7BB /* BMIViewController.swift in Sources */ = {isa = PBXBuildFile; fileRef = 8906C5732754AF070080E7BB /* BMIViewController.swift */; };
		8906C5762754AF070080E7BB /* BMi.swift in Sources */ = {isa = PBXBuildFile; fileRef = 8906C5742754AF070080E7BB /* BMi.swift */; };
		8906C5932754B7640080E7BB /* GoogleService-Info.plist in Resources */ = {isa = PBXBuildFile; fileRef = 8906C5922754B7640080E7BB /* GoogleService-Info.plist */; };
		893F1BDE275F46C800AE4997 /* Maps.swift in Sources */ = {isa = PBXBuildFile; fileRef = 893F1BDD275F46C800AE4997 /* Maps.swift */; };
		894F36882756124A00198438 /* SleepVC.swift in Sources */ = {isa = PBXBuildFile; fileRef = 894F36872756124A00198438 /* SleepVC.swift */; };
		894F368A27563C0C00198438 /* v6.MOV in Resources */ = {isa = PBXBuildFile; fileRef = 894F368927563C0C00198438 /* v6.MOV */; };
		894F368C27563C2200198438 /* v7.MOV in Resources */ = {isa = PBXBuildFile; fileRef = 894F368B27563C2200198438 /* v7.MOV */; };
		894F368E27563C2B00198438 /* v8.MOV in Resources */ = {isa = PBXBuildFile; fileRef = 894F368D27563C2B00198438 /* v8.MOV */; };
		894F369027563C3400198438 /* v9.MOV in Resources */ = {isa = PBXBuildFile; fileRef = 894F368F27563C3400198438 /* v9.MOV */; };
		894F369227563C3D00198438 /* v10.MOV in Resources */ = {isa = PBXBuildFile; fileRef = 894F369127563C3D00198438 /* v10.MOV */; };
		8958B967274D91200090D027 /* GoalsList.swift in Sources */ = {isa = PBXBuildFile; fileRef = 8958B966274D91200090D027 /* GoalsList.swift */; };
		895B34FE274E256500AAD39A /* GoalsCell.swift in Sources */ = {isa = PBXBuildFile; fileRef = 895B34FD274E256500AAD39A /* GoalsCell.swift */; };
		897FCC2C275E18D000FB4C4B /* HealthKit.framework in Frameworks */ = {isa = PBXBuildFile; fileRef = 897FCC2B275E18D000FB4C4B /* HealthKit.framework */; };
		897FCC2F275E194800FB4C4B /* Steps.swift in Sources */ = {isa = PBXBuildFile; fileRef = 897FCC2E275E194800FB4C4B /* Steps.swift */; };
		897FCC31275E1CAE00FB4C4B /* FootStepsTests1 in Resources */ = {isa = PBXBuildFile; fileRef = 897FCC30275E1CAE00FB4C4B /* FootStepsTests1 */; };
		897FCC33275E1CB800FB4C4B /* FootStepsUITests in Resources */ = {isa = PBXBuildFile; fileRef = 897FCC32275E1CB800FB4C4B /* FootStepsUITests */; };
		89BDBF5B274FC7B600453BC9 /* HomeScreen.swift in Sources */ = {isa = PBXBuildFile; fileRef = 89BDBF5A274FC7B600453BC9 /* HomeScreen.swift */; };
		89C3DF6A2754C1A00060F20B /* foodCell.swift in Sources */ = {isa = PBXBuildFile; fileRef = 89C3DF662754C1A00060F20B /* foodCell.swift */; };
		89C3DF6B2754C1A00060F20B /* FoodInterface.swift in Sources */ = {isa = PBXBuildFile; fileRef = 89C3DF672754C1A00060F20B /* FoodInterface.swift */; };
		89C3DF6C2754C1A00060F20B /* Food.swift in Sources */ = {isa = PBXBuildFile; fileRef = 89C3DF682754C1A00060F20B /* Food.swift */; };
		89C3DF6D2754C1A00060F20B /* model.swift in Sources */ = {isa = PBXBuildFile; fileRef = 89C3DF692754C1A00060F20B /* model.swift */; };
		89C3DF742754C23D0060F20B /* v2.MOV in Resources */ = {isa = PBXBuildFile; fileRef = 89C3DF6F2754C23D0060F20B /* v2.MOV */; };
		89C3DF752754C23D0060F20B /* v3.MOV in Resources */ = {isa = PBXBuildFile; fileRef = 89C3DF702754C23D0060F20B /* v3.MOV */; };
		89C3DF762754C23D0060F20B /* v5.MOV in Resources */ = {isa = PBXBuildFile; fileRef = 89C3DF712754C23D0060F20B /* v5.MOV */; };
		89C3DF772754C23D0060F20B /* v4.MOV in Resources */ = {isa = PBXBuildFile; fileRef = 89C3DF722754C23D0060F20B /* v4.MOV */; };
		89C3DF782754C23D0060F20B /* v1.MOV in Resources */ = {isa = PBXBuildFile; fileRef = 89C3DF732754C23D0060F20B /* v1.MOV */; };
		89C3DF7C2754C2570060F20B /* cell.swift in Sources */ = {isa = PBXBuildFile; fileRef = 89C3DF792754C2570060F20B /* cell.swift */; };
		89C3DF7D2754C2570060F20B /* VideoViewController.swift in Sources */ = {isa = PBXBuildFile; fileRef = 89C3DF7A2754C2570060F20B /* VideoViewController.swift */; };
		89C3DF7E2754C2570060F20B /* Model.swift in Sources */ = {isa = PBXBuildFile; fileRef = 89C3DF7B2754C2570060F20B /* Model.swift */; };
		89DDC87A274D02BC003A1F79 /* AppDelegate.swift in Sources */ = {isa = PBXBuildFile; fileRef = 89DDC879274D02BC003A1F79 /* AppDelegate.swift */; };
		89DDC87C274D02BC003A1F79 /* SceneDelegate.swift in Sources */ = {isa = PBXBuildFile; fileRef = 89DDC87B274D02BC003A1F79 /* SceneDelegate.swift */; };
		89DDC87E274D02BC003A1F79 /* Sign&Login.swift in Sources */ = {isa = PBXBuildFile; fileRef = 89DDC87D274D02BC003A1F79 /* Sign&Login.swift */; };
		89DDC881274D02BC003A1F79 /* Main.storyboard in Resources */ = {isa = PBXBuildFile; fileRef = 89DDC87F274D02BC003A1F79 /* Main.storyboard */; };
		89DDC883274D02BE003A1F79 /* Assets.xcassets in Resources */ = {isa = PBXBuildFile; fileRef = 89DDC882274D02BE003A1F79 /* Assets.xcassets */; };
		89DDC886274D02BE003A1F79 /* LaunchScreen.storyboard in Resources */ = {isa = PBXBuildFile; fileRef = 89DDC884274D02BE003A1F79 /* LaunchScreen.storyboard */; };
		89EA26E92760E7010064E8C4 /* Animations.swift in Sources */ = {isa = PBXBuildFile; fileRef = 89EA26E82760E7010064E8C4 /* Animations.swift */; };
		F92B0D28B876203A11AC73D9 /* Pods_Health.framework in Frameworks */ = {isa = PBXBuildFile; fileRef = E0ED2738D5330EABDE456134 /* Pods_Health.framework */; };
/* End PBXBuildFile section */

/* Begin PBXFileReference section */
		404003A4E47F8CE1D52CAA66 /* Pods-Health.release.xcconfig */ = {isa = PBXFileReference; includeInIndex = 1; lastKnownFileType = text.xcconfig; name = "Pods-Health.release.xcconfig"; path = "Target Support Files/Pods-Health/Pods-Health.release.xcconfig"; sourceTree = "<group>"; };
		8906C5732754AF070080E7BB /* BMIViewController.swift */ = {isa = PBXFileReference; fileEncoding = 4; lastKnownFileType = sourcecode.swift; path = BMIViewController.swift; sourceTree = "<group>"; };
		8906C5742754AF070080E7BB /* BMi.swift */ = {isa = PBXFileReference; fileEncoding = 4; lastKnownFileType = sourcecode.swift; path = BMi.swift; sourceTree = "<group>"; };
		8906C5922754B7640080E7BB /* GoogleService-Info.plist */ = {isa = PBXFileReference; lastKnownFileType = text.plist.xml; name = "GoogleService-Info.plist"; path = "Health/GoogleService-Info.plist"; sourceTree = SOURCE_ROOT; };
		893F1BDD275F46C800AE4997 /* Maps.swift */ = {isa = PBXFileReference; lastKnownFileType = sourcecode.swift; path = Maps.swift; sourceTree = "<group>"; };
		894F36872756124A00198438 /* SleepVC.swift */ = {isa = PBXFileReference; fileEncoding = 4; lastKnownFileType = sourcecode.swift; path = SleepVC.swift; sourceTree = "<group>"; };
		894F368927563C0C00198438 /* v6.MOV */ = {isa = PBXFileReference; lastKnownFileType = video.quicktime; path = v6.MOV; sourceTree = "<group>"; };
		894F368B27563C2200198438 /* v7.MOV */ = {isa = PBXFileReference; lastKnownFileType = video.quicktime; path = v7.MOV; sourceTree = "<group>"; };
		894F368D27563C2B00198438 /* v8.MOV */ = {isa = PBXFileReference; lastKnownFileType = video.quicktime; path = v8.MOV; sourceTree = "<group>"; };
		894F368F27563C3400198438 /* v9.MOV */ = {isa = PBXFileReference; lastKnownFileType = video.quicktime; path = v9.MOV; sourceTree = "<group>"; };
		894F369127563C3D00198438 /* v10.MOV */ = {isa = PBXFileReference; lastKnownFileType = video.quicktime; path = v10.MOV; sourceTree = "<group>"; };
		8958B966274D91200090D027 /* GoalsList.swift */ = {isa = PBXFileReference; lastKnownFileType = sourcecode.swift; path = GoalsList.swift; sourceTree = "<group>"; };
		895B34FD274E256500AAD39A /* GoalsCell.swift */ = {isa = PBXFileReference; lastKnownFileType = sourcecode.swift; path = GoalsCell.swift; sourceTree = "<group>"; };
		897FCC2A275E18D000FB4C4B /* Health.entitlements */ = {isa = PBXFileReference; lastKnownFileType = text.plist.entitlements; path = Health.entitlements; sourceTree = "<group>"; };
		897FCC2B275E18D000FB4C4B /* HealthKit.framework */ = {isa = PBXFileReference; lastKnownFileType = wrapper.framework; name = HealthKit.framework; path = System/Library/Frameworks/HealthKit.framework; sourceTree = SDKROOT; };
		897FCC2E275E194800FB4C4B /* Steps.swift */ = {isa = PBXFileReference; lastKnownFileType = sourcecode.swift; path = Steps.swift; sourceTree = "<group>"; };
		897FCC30275E1CAE00FB4C4B /* FootStepsTests1 */ = {isa = PBXFileReference; lastKnownFileType = folder; path = FootStepsTests1; sourceTree = "<group>"; };
		897FCC32275E1CB800FB4C4B /* FootStepsUITests */ = {isa = PBXFileReference; lastKnownFileType = folder; path = FootStepsUITests; sourceTree = "<group>"; };
		89BDBF5A274FC7B600453BC9 /* HomeScreen.swift */ = {isa = PBXFileReference; lastKnownFileType = sourcecode.swift; path = HomeScreen.swift; sourceTree = "<group>"; };
		89C3DF662754C1A00060F20B /* foodCell.swift */ = {isa = PBXFileReference; fileEncoding = 4; lastKnownFileType = sourcecode.swift; path = foodCell.swift; sourceTree = "<group>"; };
		89C3DF672754C1A00060F20B /* FoodInterface.swift */ = {isa = PBXFileReference; fileEncoding = 4; lastKnownFileType = sourcecode.swift; path = FoodInterface.swift; sourceTree = "<group>"; };
		89C3DF682754C1A00060F20B /* Food.swift */ = {isa = PBXFileReference; fileEncoding = 4; lastKnownFileType = sourcecode.swift; path = Food.swift; sourceTree = "<group>"; };
		89C3DF692754C1A00060F20B /* model.swift */ = {isa = PBXFileReference; fileEncoding = 4; lastKnownFileType = sourcecode.swift; path = model.swift; sourceTree = "<group>"; };
		89C3DF6F2754C23D0060F20B /* v2.MOV */ = {isa = PBXFileReference; lastKnownFileType = video.quicktime; path = v2.MOV; sourceTree = "<group>"; };
		89C3DF702754C23D0060F20B /* v3.MOV */ = {isa = PBXFileReference; lastKnownFileType = video.quicktime; path = v3.MOV; sourceTree = "<group>"; };
		89C3DF712754C23D0060F20B /* v5.MOV */ = {isa = PBXFileReference; lastKnownFileType = video.quicktime; path = v5.MOV; sourceTree = "<group>"; };
		89C3DF722754C23D0060F20B /* v4.MOV */ = {isa = PBXFileReference; lastKnownFileType = video.quicktime; path = v4.MOV; sourceTree = "<group>"; };
		89C3DF732754C23D0060F20B /* v1.MOV */ = {isa = PBXFileReference; lastKnownFileType = video.quicktime; path = v1.MOV; sourceTree = "<group>"; };
		89C3DF792754C2570060F20B /* cell.swift */ = {isa = PBXFileReference; fileEncoding = 4; lastKnownFileType = sourcecode.swift; path = cell.swift; sourceTree = "<group>"; };
		89C3DF7A2754C2570060F20B /* VideoViewController.swift */ = {isa = PBXFileReference; fileEncoding = 4; lastKnownFileType = sourcecode.swift; path = VideoViewController.swift; sourceTree = "<group>"; };
		89C3DF7B2754C2570060F20B /* Model.swift */ = {isa = PBXFileReference; fileEncoding = 4; lastKnownFileType = sourcecode.swift; path = Model.swift; sourceTree = "<group>"; };
		89DDC876274D02BC003A1F79 /* Health.app */ = {isa = PBXFileReference; explicitFileType = wrapper.application; includeInIndex = 0; path = Health.app; sourceTree = BUILT_PRODUCTS_DIR; };
		89DDC879274D02BC003A1F79 /* AppDelegate.swift */ = {isa = PBXFileReference; lastKnownFileType = sourcecode.swift; path = AppDelegate.swift; sourceTree = "<group>"; };
		89DDC87B274D02BC003A1F79 /* SceneDelegate.swift */ = {isa = PBXFileReference; lastKnownFileType = sourcecode.swift; path = SceneDelegate.swift; sourceTree = "<group>"; };
		89DDC87D274D02BC003A1F79 /* Sign&Login.swift */ = {isa = PBXFileReference; lastKnownFileType = sourcecode.swift; path = "Sign&Login.swift"; sourceTree = "<group>"; };
		89DDC880274D02BC003A1F79 /* Base */ = {isa = PBXFileReference; lastKnownFileType = file.storyboard; name = Base; path = Base.lproj/Main.storyboard; sourceTree = "<group>"; };
		89DDC882274D02BE003A1F79 /* Assets.xcassets */ = {isa = PBXFileReference; lastKnownFileType = folder.assetcatalog; path = Assets.xcassets; sourceTree = "<group>"; };
		89DDC885274D02BE003A1F79 /* Base */ = {isa = PBXFileReference; lastKnownFileType = file.storyboard; name = Base; path = Base.lproj/LaunchScreen.storyboard; sourceTree = "<group>"; };
		89DDC887274D02BE003A1F79 /* Info.plist */ = {isa = PBXFileReference; lastKnownFileType = text.plist.xml; path = Info.plist; sourceTree = "<group>"; };
		89EA26E82760E7010064E8C4 /* Animations.swift */ = {isa = PBXFileReference; lastKnownFileType = sourcecode.swift; path = Animations.swift; sourceTree = "<group>"; };
		A1EA9C872464E1489946A674 /* Pods-Health.debug.xcconfig */ = {isa = PBXFileReference; includeInIndex = 1; lastKnownFileType = text.xcconfig; name = "Pods-Health.debug.xcconfig"; path = "Target Support Files/Pods-Health/Pods-Health.debug.xcconfig"; sourceTree = "<group>"; };
		E0ED2738D5330EABDE456134 /* Pods_Health.framework */ = {isa = PBXFileReference; explicitFileType = wrapper.framework; includeInIndex = 0; path = Pods_Health.framework; sourceTree = BUILT_PRODUCTS_DIR; };
/* End PBXFileReference section */

/* Begin PBXFrameworksBuildPhase section */
		89DDC873274D02BC003A1F79 /* Frameworks */ = {
			isa = PBXFrameworksBuildPhase;
			buildActionMask = 2147483647;
			files = (
				F92B0D28B876203A11AC73D9 /* Pods_Health.framework in Frameworks */,
				897FCC2C275E18D000FB4C4B /* HealthKit.framework in Frameworks */,
			);
			runOnlyForDeploymentPostprocessing = 0;
		};
/* End PBXFrameworksBuildPhase section */

/* Begin PBXGroup section */
		00F541B5D8638902B55F4653 /* Pods */ = {
			isa = PBXGroup;
			children = (
				A1EA9C872464E1489946A674 /* Pods-Health.debug.xcconfig */,
				404003A4E47F8CE1D52CAA66 /* Pods-Health.release.xcconfig */,
			);
			path = Pods;
			sourceTree = "<group>";
		};
		298FD7CC906A3DB4B4305E91 /* Frameworks */ = {
			isa = PBXGroup;
			children = (
				897FCC2B275E18D000FB4C4B /* HealthKit.framework */,
				E0ED2738D5330EABDE456134 /* Pods_Health.framework */,
			);
			name = Frameworks;
			sourceTree = "<group>";
		};
		8906C5722754AEF10080E7BB /* BMI Group */ = {
			isa = PBXGroup;
			children = (
				8906C5742754AF070080E7BB /* BMi.swift */,
				8906C5732754AF070080E7BB /* BMIViewController.swift */,
			);
			path = "BMI Group";
			sourceTree = "<group>";
		};
		893F1BDF275F587700AE4997 /* Maps */ = {
			isa = PBXGroup;
			children = (
				893F1BDD275F46C800AE4997 /* Maps.swift */,
			);
			path = Maps;
			sourceTree = "<group>";
		};
		894F3686275611BA00198438 /* Sleep Arrangement */ = {
			isa = PBXGroup;
			children = (
				894F36872756124A00198438 /* SleepVC.swift */,
			);
			path = "Sleep Arrangement";
			sourceTree = "<group>";
		};
		897FCC2D275E190D00FB4C4B /* Steps Group */ = {
			isa = PBXGroup;
			children = (
				897FCC2E275E194800FB4C4B /* Steps.swift */,
				897FCC30275E1CAE00FB4C4B /* FootStepsTests1 */,
				897FCC32275E1CB800FB4C4B /* FootStepsUITests */,
			);
			path = "Steps Group";
			sourceTree = "<group>";
		};
		89BD8A3B2757AC7D00D028AB /* Sign&GoalsList */ = {
			isa = PBXGroup;
			children = (
				89DDC87D274D02BC003A1F79 /* Sign&Login.swift */,
				8958B966274D91200090D027 /* GoalsList.swift */,
				895B34FD274E256500AAD39A /* GoalsCell.swift */,
				89BDBF5A274FC7B600453BC9 /* HomeScreen.swift */,
			);
			path = "Sign&GoalsList";
			sourceTree = "<group>";
		};
		89C3DF652754C1770060F20B /* Food Group */ = {
			isa = PBXGroup;
			children = (
				89C3DF692754C1A00060F20B /* model.swift */,
				89C3DF682754C1A00060F20B /* Food.swift */,
				89C3DF662754C1A00060F20B /* foodCell.swift */,
				89C3DF672754C1A00060F20B /* FoodInterface.swift */,
			);
			path = "Food Group";
			sourceTree = "<group>";
		};
		89C3DF6E2754C20C0060F20B /* Activites Group */ = {
			isa = PBXGroup;
			children = (
				89C3DF7B2754C2570060F20B /* Model.swift */,
				89C3DF792754C2570060F20B /* cell.swift */,
				89C3DF7A2754C2570060F20B /* VideoViewController.swift */,
				89C3DF732754C23D0060F20B /* v1.MOV */,
				89C3DF6F2754C23D0060F20B /* v2.MOV */,
				89C3DF702754C23D0060F20B /* v3.MOV */,
				89C3DF722754C23D0060F20B /* v4.MOV */,
				89C3DF712754C23D0060F20B /* v5.MOV */,
				894F368927563C0C00198438 /* v6.MOV */,
				894F368B27563C2200198438 /* v7.MOV */,
				894F368D27563C2B00198438 /* v8.MOV */,
				894F368F27563C3400198438 /* v9.MOV */,
				894F369127563C3D00198438 /* v10.MOV */,
			);
			path = "Activites Group";
			sourceTree = "<group>";
		};
		89DDC86D274D02BC003A1F79 = {
			isa = PBXGroup;
			children = (
				89DDC878274D02BC003A1F79 /* Health */,
				89DDC877274D02BC003A1F79 /* Products */,
				00F541B5D8638902B55F4653 /* Pods */,
				298FD7CC906A3DB4B4305E91 /* Frameworks */,
			);
			sourceTree = "<group>";
		};
		89DDC877274D02BC003A1F79 /* Products */ = {
			isa = PBXGroup;
			children = (
				89DDC876274D02BC003A1F79 /* Health.app */,
			);
			name = Products;
			sourceTree = "<group>";
		};
		89DDC878274D02BC003A1F79 /* Health */ = {
			isa = PBXGroup;
			children = (
				89EA26E72760E6E50064E8C4 /* Animation */,
				897FCC2A275E18D000FB4C4B /* Health.entitlements */,
				8906C5922754B7640080E7BB /* GoogleService-Info.plist */,
				89DDC879274D02BC003A1F79 /* AppDelegate.swift */,
				89DDC87B274D02BC003A1F79 /* SceneDelegate.swift */,
				89BD8A3B2757AC7D00D028AB /* Sign&GoalsList */,
				89C3DF6E2754C20C0060F20B /* Activites Group */,
				89C3DF652754C1770060F20B /* Food Group */,
				8906C5722754AEF10080E7BB /* BMI Group */,
				894F3686275611BA00198438 /* Sleep Arrangement */,
				893F1BDF275F587700AE4997 /* Maps */,
				897FCC2D275E190D00FB4C4B /* Steps Group */,
				89DDC87F274D02BC003A1F79 /* Main.storyboard */,
				89DDC882274D02BE003A1F79 /* Assets.xcassets */,
				89DDC884274D02BE003A1F79 /* LaunchScreen.storyboard */,
				89DDC887274D02BE003A1F79 /* Info.plist */,
			);
			path = Health;
			sourceTree = "<group>";
		};
		89EA26E72760E6E50064E8C4 /* Animation */ = {
			isa = PBXGroup;
			children = (
				89EA26E82760E7010064E8C4 /* Animations.swift */,
			);
			path = Animation;
			sourceTree = "<group>";
		};
/* End PBXGroup section */

/* Begin PBXNativeTarget section */
		89DDC875274D02BC003A1F79 /* Health */ = {
			isa = PBXNativeTarget;
			buildConfigurationList = 89DDC88A274D02BE003A1F79 /* Build configuration list for PBXNativeTarget "Health" */;
			buildPhases = (
				2A5E7A4CC16A0CB363E17BC1 /* [CP] Check Pods Manifest.lock */,
				89DDC872274D02BC003A1F79 /* Sources */,
				89DDC873274D02BC003A1F79 /* Frameworks */,
				89DDC874274D02BC003A1F79 /* Resources */,
				AB8369F992DC568231D13FF5 /* [CP] Embed Pods Frameworks */,
			);
			buildRules = (
			);
			dependencies = (
			);
			name = Health;
			productName = Health;
			productReference = 89DDC876274D02BC003A1F79 /* Health.app */;
			productType = "com.apple.product-type.application";
		};
/* End PBXNativeTarget section */

/* Begin PBXProject section */
		89DDC86E274D02BC003A1F79 /* Project object */ = {
			isa = PBXProject;
			attributes = {
				BuildIndependentTargetsInParallel = 1;
				LastSwiftUpdateCheck = 1300;
				LastUpgradeCheck = 1300;
				TargetAttributes = {
					89DDC875274D02BC003A1F79 = {
						CreatedOnToolsVersion = 13.0;
					};
				};
			};
			buildConfigurationList = 89DDC871274D02BC003A1F79 /* Build configuration list for PBXProject "Health" */;
			compatibilityVersion = "Xcode 13.0";
			developmentRegion = en;
			hasScannedForEncodings = 0;
			knownRegions = (
				en,
				Base,
			);
			mainGroup = 89DDC86D274D02BC003A1F79;
			productRefGroup = 89DDC877274D02BC003A1F79 /* Products */;
			projectDirPath = "";
			projectRoot = "";
			targets = (
				89DDC875274D02BC003A1F79 /* Health */,
			);
		};
/* End PBXProject section */

/* Begin PBXResourcesBuildPhase section */
		89DDC874274D02BC003A1F79 /* Resources */ = {
			isa = PBXResourcesBuildPhase;
			buildActionMask = 2147483647;
			files = (
				894F369027563C3400198438 /* v9.MOV in Resources */,
				894F368E27563C2B00198438 /* v8.MOV in Resources */,
				894F368A27563C0C00198438 /* v6.MOV in Resources */,
				89C3DF772754C23D0060F20B /* v4.MOV in Resources */,
				89C3DF762754C23D0060F20B /* v5.MOV in Resources */,
				89C3DF742754C23D0060F20B /* v2.MOV in Resources */,
				89DDC886274D02BE003A1F79 /* LaunchScreen.storyboard in Resources */,
				89C3DF782754C23D0060F20B /* v1.MOV in Resources */,
				897FCC33275E1CB800FB4C4B /* FootStepsUITests in Resources */,
				894F369227563C3D00198438 /* v10.MOV in Resources */,
				89DDC883274D02BE003A1F79 /* Assets.xcassets in Resources */,
				89DDC881274D02BC003A1F79 /* Main.storyboard in Resources */,
				8906C5932754B7640080E7BB /* GoogleService-Info.plist in Resources */,
				894F368C27563C2200198438 /* v7.MOV in Resources */,
				897FCC31275E1CAE00FB4C4B /* FootStepsTests1 in Resources */,
				89C3DF752754C23D0060F20B /* v3.MOV in Resources */,
			);
			runOnlyForDeploymentPostprocessing = 0;
		};
/* End PBXResourcesBuildPhase section */

/* Begin PBXShellScriptBuildPhase section */
		2A5E7A4CC16A0CB363E17BC1 /* [CP] Check Pods Manifest.lock */ = {
			isa = PBXShellScriptBuildPhase;
			buildActionMask = 2147483647;
			files = (
			);
			inputFileListPaths = (
			);
			inputPaths = (
				"${PODS_PODFILE_DIR_PATH}/Podfile.lock",
				"${PODS_ROOT}/Manifest.lock",
			);
			name = "[CP] Check Pods Manifest.lock";
			outputFileListPaths = (
			);
			outputPaths = (
				"$(DERIVED_FILE_DIR)/Pods-Health-checkManifestLockResult.txt",
			);
			runOnlyForDeploymentPostprocessing = 0;
			shellPath = /bin/sh;
			shellScript = "diff \"${PODS_PODFILE_DIR_PATH}/Podfile.lock\" \"${PODS_ROOT}/Manifest.lock\" > /dev/null\nif [ $? != 0 ] ; then\n    # print error to STDERR\n    echo \"error: The sandbox is not in sync with the Podfile.lock. Run 'pod install' or update your CocoaPods installation.\" >&2\n    exit 1\nfi\n# This output is used by Xcode 'outputs' to avoid re-running this script phase.\necho \"SUCCESS\" > \"${SCRIPT_OUTPUT_FILE_0}\"\n";
			showEnvVarsInLog = 0;
		};
		AB8369F992DC568231D13FF5 /* [CP] Embed Pods Frameworks */ = {
			isa = PBXShellScriptBuildPhase;
			buildActionMask = 2147483647;
			files = (
			);
			inputFileListPaths = (
				"${PODS_ROOT}/Target Support Files/Pods-Health/Pods-Health-frameworks-${CONFIGURATION}-input-files.xcfilelist",
			);
			name = "[CP] Embed Pods Frameworks";
			outputFileListPaths = (
				"${PODS_ROOT}/Target Support Files/Pods-Health/Pods-Health-frameworks-${CONFIGURATION}-output-files.xcfilelist",
			);
			runOnlyForDeploymentPostprocessing = 0;
			shellPath = /bin/sh;
			shellScript = "\"${PODS_ROOT}/Target Support Files/Pods-Health/Pods-Health-frameworks.sh\"\n";
			showEnvVarsInLog = 0;
		};
/* End PBXShellScriptBuildPhase section */

/* Begin PBXSourcesBuildPhase section */
		89DDC872274D02BC003A1F79 /* Sources */ = {
			isa = PBXSourcesBuildPhase;
			buildActionMask = 2147483647;
			files = (
				89C3DF7E2754C2570060F20B /* Model.swift in Sources */,
				89C3DF6C2754C1A00060F20B /* Food.swift in Sources */,
				89DDC87E274D02BC003A1F79 /* Sign&Login.swift in Sources */,
				89C3DF7C2754C2570060F20B /* cell.swift in Sources */,
				8906C5752754AF070080E7BB /* BMIViewController.swift in Sources */,
				89BDBF5B274FC7B600453BC9 /* HomeScreen.swift in Sources */,
				895B34FE274E256500AAD39A /* GoalsCell.swift in Sources */,
				893F1BDE275F46C800AE4997 /* Maps.swift in Sources */,
				8906C5762754AF070080E7BB /* BMi.swift in Sources */,
				8958B967274D91200090D027 /* GoalsList.swift in Sources */,
				89C3DF7D2754C2570060F20B /* VideoViewController.swift in Sources */,
				894F36882756124A00198438 /* SleepVC.swift in Sources */,
				897FCC2F275E194800FB4C4B /* Steps.swift in Sources */,
				89EA26E92760E7010064E8C4 /* Animations.swift in Sources */,
				89C3DF6D2754C1A00060F20B /* model.swift in Sources */,
				89C3DF6B2754C1A00060F20B /* FoodInterface.swift in Sources */,
				89C3DF6A2754C1A00060F20B /* foodCell.swift in Sources */,
				89DDC87A274D02BC003A1F79 /* AppDelegate.swift in Sources */,
				89DDC87C274D02BC003A1F79 /* SceneDelegate.swift in Sources */,
			);
			runOnlyForDeploymentPostprocessing = 0;
		};
/* End PBXSourcesBuildPhase section */

/* Begin PBXVariantGroup section */
		89DDC87F274D02BC003A1F79 /* Main.storyboard */ = {
			isa = PBXVariantGroup;
			children = (
				89DDC880274D02BC003A1F79 /* Base */,
			);
			name = Main.storyboard;
			sourceTree = "<group>";
		};
		89DDC884274D02BE003A1F79 /* LaunchScreen.storyboard */ = {
			isa = PBXVariantGroup;
			children = (
				89DDC885274D02BE003A1F79 /* Base */,
			);
			name = LaunchScreen.storyboard;
			sourceTree = "<group>";
		};
/* End PBXVariantGroup section */

/* Begin XCBuildConfiguration section */
		89DDC888274D02BE003A1F79 /* Debug */ = {
			isa = XCBuildConfiguration;
			buildSettings = {
				ALWAYS_SEARCH_USER_PATHS = NO;
				CLANG_ANALYZER_LOCALIZABILITY_NONLOCALIZED = YES;
				CLANG_ANALYZER_NONNULL = YES;
				CLANG_ANALYZER_NUMBER_OBJECT_CONVERSION = YES_AGGRESSIVE;
				CLANG_CXX_LANGUAGE_STANDARD = "gnu++17";
				CLANG_CXX_LIBRARY = "libc++";
				CLANG_ENABLE_MODULES = YES;
				CLANG_ENABLE_OBJC_ARC = YES;
				CLANG_ENABLE_OBJC_WEAK = YES;
				CLANG_WARN_BLOCK_CAPTURE_AUTORELEASING = YES;
				CLANG_WARN_BOOL_CONVERSION = YES;
				CLANG_WARN_COMMA = YES;
				CLANG_WARN_CONSTANT_CONVERSION = YES;
				CLANG_WARN_DEPRECATED_OBJC_IMPLEMENTATIONS = YES;
				CLANG_WARN_DIRECT_OBJC_ISA_USAGE = YES_ERROR;
				CLANG_WARN_DOCUMENTATION_COMMENTS = YES;
				CLANG_WARN_EMPTY_BODY = YES;
				CLANG_WARN_ENUM_CONVERSION = YES;
				CLANG_WARN_INFINITE_RECURSION = YES;
				CLANG_WARN_INT_CONVERSION = YES;
				CLANG_WARN_NON_LITERAL_NULL_CONVERSION = YES;
				CLANG_WARN_OBJC_IMPLICIT_RETAIN_SELF = YES;
				CLANG_WARN_OBJC_LITERAL_CONVERSION = YES;
				CLANG_WARN_OBJC_ROOT_CLASS = YES_ERROR;
				CLANG_WARN_QUOTED_INCLUDE_IN_FRAMEWORK_HEADER = YES;
				CLANG_WARN_RANGE_LOOP_ANALYSIS = YES;
				CLANG_WARN_STRICT_PROTOTYPES = YES;
				CLANG_WARN_SUSPICIOUS_MOVE = YES;
				CLANG_WARN_UNGUARDED_AVAILABILITY = YES_AGGRESSIVE;
				CLANG_WARN_UNREACHABLE_CODE = YES;
				CLANG_WARN__DUPLICATE_METHOD_MATCH = YES;
				COPY_PHASE_STRIP = NO;
				DEBUG_INFORMATION_FORMAT = dwarf;
				ENABLE_STRICT_OBJC_MSGSEND = YES;
				ENABLE_TESTABILITY = YES;
				GCC_C_LANGUAGE_STANDARD = gnu11;
				GCC_DYNAMIC_NO_PIC = NO;
				GCC_NO_COMMON_BLOCKS = YES;
				GCC_OPTIMIZATION_LEVEL = 0;
				GCC_PREPROCESSOR_DEFINITIONS = (
					"DEBUG=1",
					"$(inherited)",
				);
				GCC_WARN_64_TO_32_BIT_CONVERSION = YES;
				GCC_WARN_ABOUT_RETURN_TYPE = YES_ERROR;
				GCC_WARN_UNDECLARED_SELECTOR = YES;
				GCC_WARN_UNINITIALIZED_AUTOS = YES_AGGRESSIVE;
				GCC_WARN_UNUSED_FUNCTION = YES;
				GCC_WARN_UNUSED_VARIABLE = YES;
				IPHONEOS_DEPLOYMENT_TARGET = 15.0;
				MTL_ENABLE_DEBUG_INFO = INCLUDE_SOURCE;
				MTL_FAST_MATH = YES;
				ONLY_ACTIVE_ARCH = YES;
				SDKROOT = iphoneos;
				SWIFT_ACTIVE_COMPILATION_CONDITIONS = DEBUG;
				SWIFT_OPTIMIZATION_LEVEL = "-Onone";
			};
			name = Debug;
		};
		89DDC889274D02BE003A1F79 /* Release */ = {
			isa = XCBuildConfiguration;
			buildSettings = {
				ALWAYS_SEARCH_USER_PATHS = NO;
				CLANG_ANALYZER_LOCALIZABILITY_NONLOCALIZED = YES;
				CLANG_ANALYZER_NONNULL = YES;
				CLANG_ANALYZER_NUMBER_OBJECT_CONVERSION = YES_AGGRESSIVE;
				CLANG_CXX_LANGUAGE_STANDARD = "gnu++17";
				CLANG_CXX_LIBRARY = "libc++";
				CLANG_ENABLE_MODULES = YES;
				CLANG_ENABLE_OBJC_ARC = YES;
				CLANG_ENABLE_OBJC_WEAK = YES;
				CLANG_WARN_BLOCK_CAPTURE_AUTORELEASING = YES;
				CLANG_WARN_BOOL_CONVERSION = YES;
				CLANG_WARN_COMMA = YES;
				CLANG_WARN_CONSTANT_CONVERSION = YES;
				CLANG_WARN_DEPRECATED_OBJC_IMPLEMENTATIONS = YES;
				CLANG_WARN_DIRECT_OBJC_ISA_USAGE = YES_ERROR;
				CLANG_WARN_DOCUMENTATION_COMMENTS = YES;
				CLANG_WARN_EMPTY_BODY = YES;
				CLANG_WARN_ENUM_CONVERSION = YES;
				CLANG_WARN_INFINITE_RECURSION = YES;
				CLANG_WARN_INT_CONVERSION = YES;
				CLANG_WARN_NON_LITERAL_NULL_CONVERSION = YES;
				CLANG_WARN_OBJC_IMPLICIT_RETAIN_SELF = YES;
				CLANG_WARN_OBJC_LITERAL_CONVERSION = YES;
				CLANG_WARN_OBJC_ROOT_CLASS = YES_ERROR;
				CLANG_WARN_QUOTED_INCLUDE_IN_FRAMEWORK_HEADER = YES;
				CLANG_WARN_RANGE_LOOP_ANALYSIS = YES;
				CLANG_WARN_STRICT_PROTOTYPES = YES;
				CLANG_WARN_SUSPICIOUS_MOVE = YES;
				CLANG_WARN_UNGUARDED_AVAILABILITY = YES_AGGRESSIVE;
				CLANG_WARN_UNREACHABLE_CODE = YES;
				CLANG_WARN__DUPLICATE_METHOD_MATCH = YES;
				COPY_PHASE_STRIP = NO;
				DEBUG_INFORMATION_FORMAT = "dwarf-with-dsym";
				ENABLE_NS_ASSERTIONS = NO;
				ENABLE_STRICT_OBJC_MSGSEND = YES;
				GCC_C_LANGUAGE_STANDARD = gnu11;
				GCC_NO_COMMON_BLOCKS = YES;
				GCC_WARN_64_TO_32_BIT_CONVERSION = YES;
				GCC_WARN_ABOUT_RETURN_TYPE = YES_ERROR;
				GCC_WARN_UNDECLARED_SELECTOR = YES;
				GCC_WARN_UNINITIALIZED_AUTOS = YES_AGGRESSIVE;
				GCC_WARN_UNUSED_FUNCTION = YES;
				GCC_WARN_UNUSED_VARIABLE = YES;
				IPHONEOS_DEPLOYMENT_TARGET = 15.0;
				MTL_ENABLE_DEBUG_INFO = NO;
				MTL_FAST_MATH = YES;
				SDKROOT = iphoneos;
				SWIFT_COMPILATION_MODE = wholemodule;
				SWIFT_OPTIMIZATION_LEVEL = "-O";
				VALIDATE_PRODUCT = YES;
			};
			name = Release;
		};
		89DDC88B274D02BE003A1F79 /* Debug */ = {
			isa = XCBuildConfiguration;
			baseConfigurationReference = A1EA9C872464E1489946A674 /* Pods-Health.debug.xcconfig */;
			buildSettings = {
				ASSETCATALOG_COMPILER_APPICON_NAME = AppIcon;
				ASSETCATALOG_COMPILER_GLOBAL_ACCENT_COLOR_NAME = AccentColor;
				CODE_SIGN_ENTITLEMENTS = Health/Health.entitlements;
				CODE_SIGN_STYLE = Automatic;
				CURRENT_PROJECT_VERSION = 1;
				DEVELOPMENT_TEAM = NQFVA82Q56;
				GENERATE_INFOPLIST_FILE = YES;
				INFOPLIST_FILE = Health/Info.plist;
				INFOPLIST_KEY_UIApplicationSupportsIndirectInputEvents = YES;
				INFOPLIST_KEY_UILaunchStoryboardName = LaunchScreen;
				INFOPLIST_KEY_UIMainStoryboardFile = Main;
				INFOPLIST_KEY_UISupportedInterfaceOrientations_iPad = "UIInterfaceOrientationPortrait UIInterfaceOrientationPortraitUpsideDown UIInterfaceOrientationLandscapeLeft UIInterfaceOrientationLandscapeRight";
				INFOPLIST_KEY_UISupportedInterfaceOrientations_iPhone = "UIInterfaceOrientationPortrait UIInterfaceOrientationLandscapeLeft UIInterfaceOrientationLandscapeRight";
				LD_RUNPATH_SEARCH_PATHS = (
					"$(inherited)",
					"@executable_path/Frameworks",
				);
				MARKETING_VERSION = 1.0;
				PRODUCT_BUNDLE_IDENTIFIER = com.aziz.Health;
				PRODUCT_NAME = "$(TARGET_NAME)";
				SWIFT_EMIT_LOC_STRINGS = YES;
				SWIFT_VERSION = 5.0;
				TARGETED_DEVICE_FAMILY = "1,2";
			};
			name = Debug;
		};
		89DDC88C274D02BE003A1F79 /* Release */ = {
			isa = XCBuildConfiguration;
			baseConfigurationReference = 404003A4E47F8CE1D52CAA66 /* Pods-Health.release.xcconfig */;
			buildSettings = {
				ASSETCATALOG_COMPILER_APPICON_NAME = AppIcon;
				ASSETCATALOG_COMPILER_GLOBAL_ACCENT_COLOR_NAME = AccentColor;
				CODE_SIGN_ENTITLEMENTS = Health/Health.entitlements;
				CODE_SIGN_STYLE = Automatic;
				CURRENT_PROJECT_VERSION = 1;
				DEVELOPMENT_TEAM = NQFVA82Q56;
				GENERATE_INFOPLIST_FILE = YES;
				INFOPLIST_FILE = Health/Info.plist;
				INFOPLIST_KEY_UIApplicationSupportsIndirectInputEvents = YES;
				INFOPLIST_KEY_UILaunchStoryboardName = LaunchScreen;
				INFOPLIST_KEY_UIMainStoryboardFile = Main;
				INFOPLIST_KEY_UISupportedInterfaceOrientations_iPad = "UIInterfaceOrientationPortrait UIInterfaceOrientationPortraitUpsideDown UIInterfaceOrientationLandscapeLeft UIInterfaceOrientationLandscapeRight";
				INFOPLIST_KEY_UISupportedInterfaceOrientations_iPhone = "UIInterfaceOrientationPortrait UIInterfaceOrientationLandscapeLeft UIInterfaceOrientationLandscapeRight";
				LD_RUNPATH_SEARCH_PATHS = (
					"$(inherited)",
					"@executable_path/Frameworks",
				);
				MARKETING_VERSION = 1.0;
				PRODUCT_BUNDLE_IDENTIFIER = com.aziz.Health;
				PRODUCT_NAME = "$(TARGET_NAME)";
				SWIFT_EMIT_LOC_STRINGS = YES;
				SWIFT_VERSION = 5.0;
				TARGETED_DEVICE_FAMILY = "1,2";
			};
			name = Release;
		};
/* End XCBuildConfiguration section */

/* Begin XCConfigurationList section */
		89DDC871274D02BC003A1F79 /* Build configuration list for PBXProject "Health" */ = {
			isa = XCConfigurationList;
			buildConfigurations = (
				89DDC888274D02BE003A1F79 /* Debug */,
				89DDC889274D02BE003A1F79 /* Release */,
			);
			defaultConfigurationIsVisible = 0;
			defaultConfigurationName = Release;
		};
		89DDC88A274D02BE003A1F79 /* Build configuration list for PBXNativeTarget "Health" */ = {
			isa = XCConfigurationList;
			buildConfigurations = (
				89DDC88B274D02BE003A1F79 /* Debug */,
				89DDC88C274D02BE003A1F79 /* Release */,
			);
			defaultConfigurationIsVisible = 0;
			defaultConfigurationName = Release;
		};
/* End XCConfigurationList section */
	};
	rootObject = 89DDC86E274D02BC003A1F79 /* Project object */;
}
